{
  "name": "pw-service-proxy",
  "version": "5.0.2",
  "lockfileVersion": 1,
  "requires": true,
  "dependencies": {
    "async": {
      "version": "2.6.1",
      "resolved": "https://registry.npmjs.org/async/-/async-2.6.1.tgz",
      "integrity": "sha512-fNEiL2+AZt6AlAw/29Cr0UDe4sRAHCpEHh54WMz+Bb7QfNcFw4h3loofyJpLeQs4Yx7yuqu/2dLgM5hKOs6HlQ==",
      "requires": {
        "lodash": "^4.17.10"
      }
    },
    "extended-buffer": {
      "version": "5.0.2",
      "resolved": "https://registry.npmjs.org/extended-buffer/-/extended-buffer-5.0.2.tgz",
      "integrity": "sha512-LD5hbZMqBJ1jzV8hWqg4SyovnPhwiW9BT9n5hZRQkJ/Y3TJUZoYG0ZOYgbyhKWRNfwreMlu4bL89xxX6JRK0yQ=="
    },
    "lodash": {
      "version": "4.17.11",
      "resolved": "https://registry.npmjs.org/lodash/-/lodash-4.17.11.tgz",
      "integrity": "sha512-cQKh8igo5QUhZ7lg38DYWAxMvjSAKG0A8wGSVimP07SIUEK2UO+arSRKbRZWtelMtN5V0Hkwh5ryOto/SshYIg=="
    },
    "pw-buffer": {
      "version": "1.0.1",
      "resolved": "https://registry.npmjs.org/pw-buffer/-/pw-buffer-1.0.1.tgz",
      "integrity": "sha512-IoT070KMf3hpFtDCP9gx96On74BsGEo4JarzTgye7TPrTVss9wm/yOTuVLVd/7s924t71+c6/pXJd1zKicCWVg==",
      "requires": {
        "extended-buffer": "^5.0.2"
      }
    }
  }
}
