{
  "name": "pw-service-proxy",
  "version": "4.0.2",
  "lockfileVersion": 1,
  "requires": true,
  "dependencies": {
    "async": {
      "version": "2.6.1",
      "resolved": "https://registry.npmjs.org/async/-/async-2.6.1.tgz",
      "integrity": "sha512-fNEiL2+AZt6AlAw/29Cr0UDe4sRAHCpEHh54WMz+Bb7QfNcFw4h3loofyJpLeQs4Yx7yuqu/2dLgM5hKOs6HlQ==",
      "requires": {
        "lodash": "^4.17.10"
      }
    },
    "extended-buffer": {
      "version": "4.0.5",
      "resolved": "https://registry.npmjs.org/extended-buffer/-/extended-buffer-4.0.5.tgz",
      "integrity": "sha512-E8TSPuWGbHAGqm9A5iiBfz/F25q/Nu5f7FJ3zO6KTEAS04s3sizVjHdNayNrWn7BNZGvyUePbb/dRjjTINSD3A=="
    },
    "lodash": {
      "version": "4.17.10",
      "resolved": "https://registry.npmjs.org/lodash/-/lodash-4.17.10.tgz",
      "integrity": "sha512-UejweD1pDoXu+AD825lWwp4ZGtSwgnpZxb3JDViD7StjQz+Nb/6l093lx4OQ0foGWNRoc19mWy7BzL+UAK2iVg=="
    },
    "pw-buffer": {
      "version": "0.2.3",
      "resolved": "https://registry.npmjs.org/pw-buffer/-/pw-buffer-0.2.3.tgz",
      "integrity": "sha512-wJpMNxMTGWYgfNhlHVl6PpCjNVjhoVML+bAG6R1sHB3E66AN0vlH9QeSmX9nlQplG5jU3Q1/IvEq9HRLnctV8A==",
      "requires": {
        "extended-buffer": "^4.0.5"
      }
    }
  }
}
